
Microsoft Visual Studio Solution File, Format Version 12.00
# Visual Studio Version 16
VisualStudioVersion = 16.0.30309.148
MinimumVisualStudioVersion = 10.0.40219.1
Project("{9A19103F-16F7-4668-BE54-9A1E7A4F7556}") = "Testing", "Testing\Testing.csproj", "{BB06E363-6A28-435E-BB6C-70CD7002FDCB}"
EndProject
Project("{FAE04EC0-301F-11D3-BF4B-00C04F79EFBC}") = "ASPNetCoreTest", "ASPNetCoreTest\ASPNetCoreTest.csproj", "{EE6BFEA4-2C19-4CA4-BF13-C0E61AAD8228}"
EndProject
Global
	GlobalSection(SolutionConfigurationPlatforms) = preSolution
		Debug|Any CPU = Debug|Any CPU
		Release|Any CPU = Release|Any CPU
	EndGlobalSection
	GlobalSection(ProjectConfigurationPlatforms) = postSolution
		{BB06E363-6A28-435E-BB6C-70CD7002FDCB}.Debug|Any CPU.ActiveCfg = Debug|Any CPU
		{BB06E363-6A28-435E-BB6C-70CD7002FDCB}.Debug|Any CPU.Build.0 = Debug|Any CPU
		{BB06E363-6A28-435E-BB6C-70CD7002FDCB}.Release|Any CPU.ActiveCfg = Release|Any CPU
		{BB06E363-6A28-435E-BB6C-70CD7002FDCB}.Release|Any CPU.Build.0 = Release|Any CPU
		{EE6BFEA4-2C19-4CA4-BF13-C0E61AAD8228}.Debug|Any CPU.ActiveCfg = Debug|Any CPU
		{EE6BFEA4-2C19-4CA4-BF13-C0E61AAD8228}.Debug|Any CPU.Build.0 = Debug|Any CPU
		{EE6BFEA4-2C19-4CA4-BF13-C0E61AAD8228}.Release|Any CPU.ActiveCfg = Release|Any CPU
		{EE6BFEA4-2C19-4CA4-BF13-C0E61AAD8228}.Release|Any CPU.Build.0 = Release|Any CPU
	EndGlobalSection
	GlobalSection(SolutionProperties) = preSolution
		HideSolutionNode = FALSE
	EndGlobalSection
	GlobalSection(ExtensibilityGlobals) = postSolution
		SolutionGuid = {54B431E5-16CA-4513-939D-E058EE38998A}
	EndGlobalSection
EndGlobal
